
Microsoft Visual Studio Solution File, Format Version 12.00
# Visual Studio Version 17
VisualStudioVersion = 17.6.33815.320
MinimumVisualStudioVersion = 10.0.40219.1
Project("{9A19103F-16F7-4668-BE54-9A1E7A4F7556}") = "DataAccess", "DataAccess\DataAccess.csproj", "{F2D836C9-AC96-438B-A365-AC4B989286D7}"
EndProject
Project("{9A19103F-16F7-4668-BE54-9A1E7A4F7556}") = "Entities", "Entities\Entities.csproj", "{3E8DE34B-06D0-4D5F-8760-42A37CE1968E}"
EndProject
Project("{FAE04EC0-301F-11D3-BF4B-00C04F79EFBC}") = "Core", "Core\Core.csproj", "{6310A2A7-9653-44B9-A846-8FED9DDF3614}"
EndProject
Project("{FAE04EC0-301F-11D3-BF4B-00C04F79EFBC}") = "Business", "Business\Business.csproj", "{4888811F-414A-46E3-8589-41424F4D6FC5}"
EndProject
Project("{FAE04EC0-301F-11D3-BF4B-00C04F79EFBC}") = "ExpenseFormWebAPI", "ExpenseFormWebAPI\ExpenseFormWebAPI.csproj", "{4828DA59-1C49-4A2A-AA4E-2084CD51F49B}"
EndProject
Global
	GlobalSection(SolutionConfigurationPlatforms) = preSolution
		Debug|Any CPU = Debug|Any CPU
		Release|Any CPU = Release|Any CPU
	EndGlobalSection
	GlobalSection(ProjectConfigurationPlatforms) = postSolution
		{F2D836C9-AC96-438B-A365-AC4B989286D7}.Debug|Any CPU.ActiveCfg = Debug|Any CPU
		{F2D836C9-AC96-438B-A365-AC4B989286D7}.Debug|Any CPU.Build.0 = Debug|Any CPU
		{F2D836C9-AC96-438B-A365-AC4B989286D7}.Release|Any CPU.ActiveCfg = Release|Any CPU
		{F2D836C9-AC96-438B-A365-AC4B989286D7}.Release|Any CPU.Build.0 = Release|Any CPU
		{3E8DE34B-06D0-4D5F-8760-42A37CE1968E}.Debug|Any CPU.ActiveCfg = Debug|Any CPU
		{3E8DE34B-06D0-4D5F-8760-42A37CE1968E}.Debug|Any CPU.Build.0 = Debug|Any CPU
		{3E8DE34B-06D0-4D5F-8760-42A37CE1968E}.Release|Any CPU.ActiveCfg = Release|Any CPU
		{3E8DE34B-06D0-4D5F-8760-42A37CE1968E}.Release|Any CPU.Build.0 = Release|Any CPU
		{6310A2A7-9653-44B9-A846-8FED9DDF3614}.Debug|Any CPU.ActiveCfg = Debug|Any CPU
		{6310A2A7-9653-44B9-A846-8FED9DDF3614}.Debug|Any CPU.Build.0 = Debug|Any CPU
		{6310A2A7-9653-44B9-A846-8FED9DDF3614}.Release|Any CPU.ActiveCfg = Release|Any CPU
		{6310A2A7-9653-44B9-A846-8FED9DDF3614}.Release|Any CPU.Build.0 = Release|Any CPU
		{4888811F-414A-46E3-8589-41424F4D6FC5}.Debug|Any CPU.ActiveCfg = Debug|Any CPU
		{4888811F-414A-46E3-8589-41424F4D6FC5}.Debug|Any CPU.Build.0 = Debug|Any CPU
		{4888811F-414A-46E3-8589-41424F4D6FC5}.Release|Any CPU.ActiveCfg = Release|Any CPU
		{4888811F-414A-46E3-8589-41424F4D6FC5}.Release|Any CPU.Build.0 = Release|Any CPU
		{4828DA59-1C49-4A2A-AA4E-2084CD51F49B}.Debug|Any CPU.ActiveCfg = Debug|Any CPU
		{4828DA59-1C49-4A2A-AA4E-2084CD51F49B}.Debug|Any CPU.Build.0 = Debug|Any CPU
		{4828DA59-1C49-4A2A-AA4E-2084CD51F49B}.Release|Any CPU.ActiveCfg = Release|Any CPU
		{4828DA59-1C49-4A2A-AA4E-2084CD51F49B}.Release|Any CPU.Build.0 = Release|Any CPU
	EndGlobalSection
	GlobalSection(SolutionProperties) = preSolution
		HideSolutionNode = FALSE
	EndGlobalSection
	GlobalSection(ExtensibilityGlobals) = postSolution
		SolutionGuid = {23BF16F9-4A97-456F-9FB7-0886C7507D75}
	EndGlobalSection
EndGlobal
